github.com/AllenDang/cimgui-go v1.4.0 h1:jrgAIysC7ToTaoFSL3wxsZUV9NOQyiTQ5cX3u27mANA=
github.com/AllenDang/cimgui-go v1.4.0/go.mod h1:VCrH8Wyb3pZ2cYQM630LmdquB1OkeXMnmBv/oTDQn1c=
github.com/AllenDang/cimgui-go v1.4.1-0.20251124080118-c2099d1a8adc h1:zboS8rE3RowEGSQGYDELzgAG9OUL6uwMiLOL0dsTUUk=
github.com/AllenDang/cimgui-go v1.4.1-0.20251124080118-c2099d1a8adc/go.mod h1:2UDoQtal+OQ2LYnY9JOiYTyiF5inJBc9BCYGBOjiscI=
